
Microsoft Visual Studio Solution File, Format Version 12.00
# Visual Studio 2013
VisualStudioVersion = 12.0.21005.1
MinimumVisualStudioVersion = 10.0.40219.1
Project("{FAE04EC0-301F-11D3-BF4B-00C04F79EFBC}") = "DoFactory.RealWorld", "DoFactory.GangOfFour.Abstract.RealWorld\DoFactory.RealWorld.csproj", "{943D4B87-A97C-4B95-B248-8989FFC19DF8}"
EndProject
Global
	GlobalSection(SolutionConfigurationPlatforms) = preSolution
		Debug|Any CPU = Debug|Any CPU
		Release|Any CPU = Release|Any CPU
	EndGlobalSection
	GlobalSection(ProjectConfigurationPlatforms) = postSolution
		{943D4B87-A97C-4B95-B248-8989FFC19DF8}.Debug|Any CPU.ActiveCfg = Debug|Any CPU
		{943D4B87-A97C-4B95-B248-8989FFC19DF8}.Debug|Any CPU.Build.0 = Debug|Any CPU
		{943D4B87-A97C-4B95-B248-8989FFC19DF8}.Release|Any CPU.ActiveCfg = Release|Any CPU
		{943D4B87-A97C-4B95-B248-8989FFC19DF8}.Release|Any CPU.Build.0 = Release|Any CPU
	EndGlobalSection
	GlobalSection(SolutionProperties) = preSolution
		HideSolutionNode = FALSE
	EndGlobalSection
EndGlobal
